// !$*UTF8*$!
{
	archiveVersion = 1;
	classes = {
	};
	objectVersion = 50;
	objects = {

/* Begin PBXBuildFile section */
		C6FDBD1B23F6AE260014474E /* AppDelegate.swift in Sources */ = {isa = PBXBuildFile; fileRef = C6FDBD1A23F6AE260014474E /* AppDelegate.swift */; };
		C6FDBD1D23F6AE260014474E /* SceneDelegate.swift in Sources */ = {isa = PBXBuildFile; fileRef = C6FDBD1C23F6AE260014474E /* SceneDelegate.swift */; };
		C6FDBD1F23F6AE260014474E /* ViewController.swift in Sources */ = {isa = PBXBuildFile; fileRef = C6FDBD1E23F6AE260014474E /* ViewController.swift */; };
		C6FDBD2223F6AE260014474E /* Main.storyboard in Resources */ = {isa = PBXBuildFile; fileRef = C6FDBD2023F6AE260014474E /* Main.storyboard */; };
		C6FDBD2423F6AE280014474E /* Assets.xcassets in Resources */ = {isa = PBXBuildFile; fileRef = C6FDBD2323F6AE280014474E /* Assets.xcassets */; };
		C6FDBD2723F6AE280014474E /* LaunchScreen.storyboard in Resources */ = {isa = PBXBuildFile; fileRef = C6FDBD2523F6AE280014474E /* LaunchScreen.storyboard */; };
/* End PBXBuildFile section */

/* Begin PBXFileReference section */
		C6FDBD1723F6AE260014474E /* Whitehouse Petitions.app */ = {isa = PBXFileReference; explicitFileType = wrapper.application; includeInIndex = 0; path = "Whitehouse Petitions.app"; sourceTree = BUILT_PRODUCTS_DIR; };
		C6FDBD1A23F6AE260014474E /* AppDelegate.swift */ = {isa = PBXFileReference; lastKnownFileType = sourcecode.swift; path = AppDelegate.swift; sourceTree = "<group>"; };
		C6FDBD1C23F6AE260014474E /* SceneDelegate.swift */ = {isa = PBXFileReference; lastKnownFileType = sourcecode.swift; path = SceneDelegate.swift; sourceTree = "<group>"; };
		C6FDBD1E23F6AE260014474E /* ViewController.swift */ = {isa = PBXFileReference; lastKnownFileType = sourcecode.swift; path = ViewController.swift; sourceTree = "<group>"; };
		C6FDBD2123F6AE260014474E /* Base */ = {isa = PBXFileReference; lastKnownFileType = file.storyboard; name = Base; path = Base.lproj/Main.storyboard; sourceTree = "<group>"; };
		C6FDBD2323F6AE280014474E /* Assets.xcassets */ = {isa = PBXFileReference; lastKnownFileType = folder.assetcatalog; path = Assets.xcassets; sourceTree = "<group>"; };
		C6FDBD2623F6AE280014474E /* Base */ = {isa = PBXFileReference; lastKnownFileType = file.storyboard; name = Base; path = Base.lproj/LaunchScreen.storyboard; sourceTree = "<group>"; };
		C6FDBD2823F6AE280014474E /* Info.plist */ = {isa = PBXFileReference; lastKnownFileType = text.plist.xml; path = Info.plist; sourceTree = "<group>"; };
/* End PBXFileReference section */

/* Begin PBXFrameworksBuildPhase section */
		C6FDBD1423F6AE250014474E /* Frameworks */ = {
			isa = PBXFrameworksBuildPhase;
			buildActionMask = 2147483647;
			files = (
			);
			runOnlyForDeploymentPostprocessing = 0;
		};
/* End PBXFrameworksBuildPhase section */

/* Begin PBXGroup section */
		C6FDBD0E23F6AE250014474E = {
			isa = PBXGroup;
			children = (
				C6FDBD1923F6AE260014474E /* whitehouse-petitions */,
				C6FDBD1823F6AE260014474E /* Products */,
			);
			sourceTree = "<group>";
		};
		C6FDBD1823F6AE260014474E /* Products */ = {
			isa = PBXGroup;
			children = (
				C6FDBD1723F6AE260014474E /* Whitehouse Petitions.app */,
			);
			name = Products;
			sourceTree = "<group>";
		};
		C6FDBD1923F6AE260014474E /* whitehouse-petitions */ = {
			isa = PBXGroup;
			children = (
				C6FDBD1A23F6AE260014474E /* AppDelegate.swift */,
				C6FDBD1C23F6AE260014474E /* SceneDelegate.swift */,
				C6FDBD1E23F6AE260014474E /* ViewController.swift */,
				C6FDBD2023F6AE260014474E /* Main.storyboard */,
				C6FDBD2323F6AE280014474E /* Assets.xcassets */,
				C6FDBD2523F6AE280014474E /* LaunchScreen.storyboard */,
				C6FDBD2823F6AE280014474E /* Info.plist */,
			);
			path = "whitehouse-petitions";
			sourceTree = "<group>";
		};
/* End PBXGroup section */

/* Begin PBXNativeTarget section */
		C6FDBD1623F6AE250014474E /* whitehouse-petitions */ = {
			isa = PBXNativeTarget;
			buildConfigurationList = C6FDBD2B23F6AE280014474E /* Build configuration list for PBXNativeTarget "whitehouse-petitions" */;
			buildPhases = (
				C6FDBD1323F6AE250014474E /* Sources */,
				C6FDBD1423F6AE250014474E /* Frameworks */,
				C6FDBD1523F6AE250014474E /* Resources */,
			);
			buildRules = (
			);
			dependencies = (
			);
			name = "whitehouse-petitions";
			productName = "whitehouse-petitions";
			productReference = C6FDBD1723F6AE260014474E /* Whitehouse Petitions.app */;
			productType = "com.apple.product-type.application";
		};
/* End PBXNativeTarget section */

/* Begin PBXProject section */
		C6FDBD0F23F6AE250014474E /* Project object */ = {
			isa = PBXProject;
			attributes = {
				LastSwiftUpdateCheck = 1130;
				LastUpgradeCheck = 1130;
				ORGANIZATIONNAME = "Brad Chesworth";
				TargetAttributes = {
					C6FDBD1623F6AE250014474E = {
						CreatedOnToolsVersion = 11.3;
					};
				};
			};
			buildConfigurationList = C6FDBD1223F6AE250014474E /* Build configuration list for PBXProject "whitehouse-petitions" */;
			compatibilityVersion = "Xcode 9.3";
			developmentRegion = en;
			hasScannedForEncodings = 0;
			knownRegions = (
				en,
				Base,
			);
			mainGroup = C6FDBD0E23F6AE250014474E;
			productRefGroup = C6FDBD1823F6AE260014474E /* Products */;
			projectDirPath = "";
			projectRoot = "";
			targets = (
				C6FDBD1623F6AE250014474E /* whitehouse-petitions */,
			);
		};
/* End PBXProject section */

/* Begin PBXResourcesBuildPhase section */
		C6FDBD1523F6AE250014474E /* Resources */ = {
			isa = PBXResourcesBuildPhase;
			buildActionMask = 2147483647;
			files = (
				C6FDBD2723F6AE280014474E /* LaunchScreen.storyboard in Resources */,
				C6FDBD2423F6AE280014474E /* Assets.xcassets in Resources */,
				C6FDBD2223F6AE260014474E /* Main.storyboard in Resources */,
			);
			runOnlyForDeploymentPostprocessing = 0;
		};
/* End PBXResourcesBuildPhase section */

/* Begin PBXSourcesBuildPhase section */
		C6FDBD1323F6AE250014474E /* Sources */ = {
			isa = PBXSourcesBuildPhase;
			buildActionMask = 2147483647;
			files = (
				C6FDBD1F23F6AE260014474E /* ViewController.swift in Sources */,
				C6FDBD1B23F6AE260014474E /* AppDelegate.swift in Sources */,
				C6FDBD1D23F6AE260014474E /* SceneDelegate.swift in Sources */,
			);
			runOnlyForDeploymentPostprocessing = 0;
		};
/* End PBXSourcesBuildPhase section */

/* Begin PBXVariantGroup section */
		C6FDBD2023F6AE260014474E /* Main.storyboard */ = {
			isa = PBXVariantGroup;
			children = (
				C6FDBD2123F6AE260014474E /* Base */,
			);
			name = Main.storyboard;
			sourceTree = "<group>";
		};
		C6FDBD2523F6AE280014474E /* LaunchScreen.storyboard */ = {
			isa = PBXVariantGroup;
			children = (
				C6FDBD2623F6AE280014474E /* Base */,
			);
			name = LaunchScreen.storyboard;
			sourceTree = "<group>";
		};
/* End PBXVariantGroup section */

/* Begin XCBuildConfiguration section */
		C6FDBD2923F6AE280014474E /* Debug */ = {
			isa = XCBuildConfiguration;
			buildSettings = {
				ALWAYS_SEARCH_USER_PATHS = NO;
				CLANG_ANALYZER_NONNULL = YES;
				CLANG_ANALYZER_NUMBER_OBJECT_CONVERSION = YES_AGGRESSIVE;
				CLANG_CXX_LANGUAGE_STANDARD = "gnu++14";
				CLANG_CXX_LIBRARY = "libc++";
				CLANG_ENABLE_MODULES = YES;
				CLANG_ENABLE_OBJC_ARC = YES;
				CLANG_ENABLE_OBJC_WEAK = YES;
				CLANG_WARN_BLOCK_CAPTURE_AUTORELEASING = YES;
				CLANG_WARN_BOOL_CONVERSION = YES;
				CLANG_WARN_COMMA = YES;
				CLANG_WARN_CONSTANT_CONVERSION = YES;
				CLANG_WARN_DEPRECATED_OBJC_IMPLEMENTATIONS = YES;
				CLANG_WARN_DIRECT_OBJC_ISA_USAGE = YES_ERROR;
				CLANG_WARN_DOCUMENTATION_COMMENTS = YES;
				CLANG_WARN_EMPTY_BODY = YES;
				CLANG_WARN_ENUM_CONVERSION = YES;
				CLANG_WARN_INFINITE_RECURSION = YES;
				CLANG_WARN_INT_CONVERSION = YES;
				CLANG_WARN_NON_LITERAL_NULL_CONVERSION = YES;
				CLANG_WARN_OBJC_IMPLICIT_RETAIN_SELF = YES;
				CLANG_WARN_OBJC_LITERAL_CONVERSION = YES;
				CLANG_WARN_OBJC_ROOT_CLASS = YES_ERROR;
				CLANG_WARN_RANGE_LOOP_ANALYSIS = YES;
				CLANG_WARN_STRICT_PROTOTYPES = YES;
				CLANG_WARN_SUSPICIOUS_MOVE = YES;
				CLANG_WARN_UNGUARDED_AVAILABILITY = YES_AGGRESSIVE;
				CLANG_WARN_UNREACHABLE_CODE = YES;
				CLANG_WARN__DUPLICATE_METHOD_MATCH = YES;
				COPY_PHASE_STRIP = NO;
				DEBUG_INFORMATION_FORMAT = dwarf;
				ENABLE_STRICT_OBJC_MSGSEND = YES;
				ENABLE_TESTABILITY = YES;
				GCC_C_LANGUAGE_STANDARD = gnu11;
				GCC_DYNAMIC_NO_PIC = NO;
				GCC_NO_COMMON_BLOCKS = YES;
				GCC_OPTIMIZATION_LEVEL = 0;
				GCC_PREPROCESSOR_DEFINITIONS = (
					"DEBUG=1",
					"$(inherited)",
				);
				GCC_WARN_64_TO_32_BIT_CONVERSION = YES;
				GCC_WARN_ABOUT_RETURN_TYPE = YES_ERROR;
				GCC_WARN_UNDECLARED_SELECTOR = YES;
				GCC_WARN_UNINITIALIZED_AUTOS = YES_AGGRESSIVE;
				GCC_WARN_UNUSED_FUNCTION = YES;
				GCC_WARN_UNUSED_VARIABLE = YES;
				IPHONEOS_DEPLOYMENT_TARGET = 13.2;
				MTL_ENABLE_DEBUG_INFO = INCLUDE_SOURCE;
				MTL_FAST_MATH = YES;
				ONLY_ACTIVE_ARCH = YES;
				SDKROOT = iphoneos;
				SWIFT_ACTIVE_COMPILATION_CONDITIONS = DEBUG;
				SWIFT_OPTIMIZATION_LEVEL = "-Onone";
			};
			name = Debug;
		};
		C6FDBD2A23F6AE280014474E /* Release */ = {
			isa = XCBuildConfiguration;
			buildSettings = {
				ALWAYS_SEARCH_USER_PATHS = NO;
				CLANG_ANALYZER_NONNULL = YES;
				CLANG_ANALYZER_NUMBER_OBJECT_CONVERSION = YES_AGGRESSIVE;
				CLANG_CXX_LANGUAGE_STANDARD = "gnu++14";
				CLANG_CXX_LIBRARY = "libc++";
				CLANG_ENABLE_MODULES = YES;
				CLANG_ENABLE_OBJC_ARC = YES;
				CLANG_ENABLE_OBJC_WEAK = YES;
				CLANG_WARN_BLOCK_CAPTURE_AUTORELEASING = YES;
				CLANG_WARN_BOOL_CONVERSION = YES;
				CLANG_WARN_COMMA = YES;
				CLANG_WARN_CONSTANT_CONVERSION = YES;
				CLANG_WARN_DEPRECATED_OBJC_IMPLEMENTATIONS = YES;
				CLANG_WARN_DIRECT_OBJC_ISA_USAGE = YES_ERROR;
				CLANG_WARN_DOCUMENTATION_COMMENTS = YES;
				CLANG_WARN_EMPTY_BODY = YES;
				CLANG_WARN_ENUM_CONVERSION = YES;
				CLANG_WARN_INFINITE_RECURSION = YES;
				CLANG_WARN_INT_CONVERSION = YES;
				CLANG_WARN_NON_LITERAL_NULL_CONVERSION = YES;
				CLANG_WARN_OBJC_IMPLICIT_RETAIN_SELF = YES;
				CLANG_WARN_OBJC_LITERAL_CONVERSION = YES;
				CLANG_WARN_OBJC_ROOT_CLASS = YES_ERROR;
				CLANG_WARN_RANGE_LOOP_ANALYSIS = YES;
				CLANG_WARN_STRICT_PROTOTYPES = YES;
				CLANG_WARN_SUSPICIOUS_MOVE = YES;
				CLANG_WARN_UNGUARDED_AVAILABILITY = YES_AGGRESSIVE;
				CLANG_WARN_UNREACHABLE_CODE = YES;
				CLANG_WARN__DUPLICATE_METHOD_MATCH = YES;
				COPY_PHASE_STRIP = NO;
				DEBUG_INFORMATION_FORMAT = "dwarf-with-dsym";
				ENABLE_NS_ASSERTIONS = NO;
				ENABLE_STRICT_OBJC_MSGSEND = YES;
				GCC_C_LANGUAGE_STANDARD = gnu11;
				GCC_NO_COMMON_BLOCKS = YES;
				GCC_WARN_64_TO_32_BIT_CONVERSION = YES;
				GCC_WARN_ABOUT_RETURN_TYPE = YES_ERROR;
				GCC_WARN_UNDECLARED_SELECTOR = YES;
				GCC_WARN_UNINITIALIZED_AUTOS = YES_AGGRESSIVE;
				GCC_WARN_UNUSED_FUNCTION = YES;
				GCC_WARN_UNUSED_VARIABLE = YES;
				IPHONEOS_DEPLOYMENT_TARGET = 13.2;
				MTL_ENABLE_DEBUG_INFO = NO;
				MTL_FAST_MATH = YES;
				SDKROOT = iphoneos;
				SWIFT_COMPILATION_MODE = wholemodule;
				SWIFT_OPTIMIZATION_LEVEL = "-O";
				VALIDATE_PRODUCT = YES;
			};
			name = Release;
		};
		C6FDBD2C23F6AE280014474E /* Debug */ = {
			isa = XCBuildConfiguration;
			buildSettings = {
				ASSETCATALOG_COMPILER_APPICON_NAME = AppIcon;
				CODE_SIGN_STYLE = Automatic;
				DEVELOPMENT_TEAM = P323FQSL2Z;
				INFOPLIST_FILE = "whitehouse-petitions/Info.plist";
				LD_RUNPATH_SEARCH_PATHS = (
					"$(inherited)",
					"@executable_path/Frameworks",
				);
				PRODUCT_BUNDLE_IDENTIFIER = "com.personal.whitehouse-petitions";
				PRODUCT_NAME = "Whitehouse Petitions";
				SWIFT_VERSION = 5.0;
				TARGETED_DEVICE_FAMILY = "1,2";
			};
			name = Debug;
		};
		C6FDBD2D23F6AE280014474E /* Release */ = {
			isa = XCBuildConfiguration;
			buildSettings = {
				ASSETCATALOG_COMPILER_APPICON_NAME = AppIcon;
				CODE_SIGN_STYLE = Automatic;
				DEVELOPMENT_TEAM = P323FQSL2Z;
				INFOPLIST_FILE = "whitehouse-petitions/Info.plist";
				LD_RUNPATH_SEARCH_PATHS = (
					"$(inherited)",
					"@executable_path/Frameworks",
				);
				PRODUCT_BUNDLE_IDENTIFIER = "com.personal.whitehouse-petitions";
				PRODUCT_NAME = "Whitehouse Petitions";
				SWIFT_VERSION = 5.0;
				TARGETED_DEVICE_FAMILY = "1,2";
			};
			name = Release;
		};
/* End XCBuildConfiguration section */

/* Begin XCConfigurationList section */
		C6FDBD1223F6AE250014474E /* Build configuration list for PBXProject "whitehouse-petitions" */ = {
			isa = XCConfigurationList;
			buildConfigurations = (
				C6FDBD2923F6AE280014474E /* Debug */,
				C6FDBD2A23F6AE280014474E /* Release */,
			);
			defaultConfigurationIsVisible = 0;
			defaultConfigurationName = Release;
		};
		C6FDBD2B23F6AE280014474E /* Build configuration list for PBXNativeTarget "whitehouse-petitions" */ = {
			isa = XCConfigurationList;
			buildConfigurations = (
				C6FDBD2C23F6AE280014474E /* Debug */,
				C6FDBD2D23F6AE280014474E /* Release */,
			);
			defaultConfigurationIsVisible = 0;
			defaultConfigurationName = Release;
		};
/* End XCConfigurationList section */
	};
	rootObject = C6FDBD0F23F6AE250014474E /* Project object */;
}
